
Microsoft Visual Studio Solution File, Format Version 12.00
# Visual Studio Version 16
VisualStudioVersion = 16.0.30011.22
MinimumVisualStudioVersion = 10.0.40219.1
Project("{8BC9CEB8-8B4A-11D0-8D11-00A0C91BC942}") = "PvZ-Emulator", "PvZ-Emulator.vcxproj", "{8FB9DC86-306A-4107-984B-F8245EB15D40}"
EndProject
Project("{9092AA53-FB77-4645-B42D-1CCCA6BD08BD}") = "PvZ-Emulator-Debugger", "..\PvZ-Emulator-Debugger\PvZ-Emulator-Debugger.njsproj", "{A186C2D9-65F7-4B0B-8E65-BE7093AA786C}"
EndProject
Global
	GlobalSection(SolutionConfigurationPlatforms) = preSolution
		Debug|Any CPU = Debug|Any CPU
		Debug|x64 = Debug|x64
		Debug|x86 = Debug|x86
		Release|Any CPU = Release|Any CPU
		Release|x64 = Release|x64
		Release|x86 = Release|x86
	EndGlobalSection
	GlobalSection(ProjectConfigurationPlatforms) = postSolution
		{8FB9DC86-306A-4107-984B-F8245EB15D40}.Debug|Any CPU.ActiveCfg = Debug|Win32
		{8FB9DC86-306A-4107-984B-F8245EB15D40}.Debug|x64.ActiveCfg = Debug|x64
		{8FB9DC86-306A-4107-984B-F8245EB15D40}.Debug|x64.Build.0 = Debug|x64
		{8FB9DC86-306A-4107-984B-F8245EB15D40}.Debug|x86.ActiveCfg = Debug|Win32
		{8FB9DC86-306A-4107-984B-F8245EB15D40}.Debug|x86.Build.0 = Debug|Win32
		{8FB9DC86-306A-4107-984B-F8245EB15D40}.Release|Any CPU.ActiveCfg = Release|Win32
		{8FB9DC86-306A-4107-984B-F8245EB15D40}.Release|x64.ActiveCfg = Release|x64
		{8FB9DC86-306A-4107-984B-F8245EB15D40}.Release|x64.Build.0 = Release|x64
		{8FB9DC86-306A-4107-984B-F8245EB15D40}.Release|x86.ActiveCfg = Release|Win32
		{8FB9DC86-306A-4107-984B-F8245EB15D40}.Release|x86.Build.0 = Release|Win32
		{A186C2D9-65F7-4B0B-8E65-BE7093AA786C}.Debug|Any CPU.ActiveCfg = Debug|Any CPU
		{A186C2D9-65F7-4B0B-8E65-BE7093AA786C}.Debug|Any CPU.Build.0 = Debug|Any CPU
		{A186C2D9-65F7-4B0B-8E65-BE7093AA786C}.Debug|x64.ActiveCfg = Debug|Any CPU
		{A186C2D9-65F7-4B0B-8E65-BE7093AA786C}.Debug|x64.Build.0 = Debug|Any CPU
		{A186C2D9-65F7-4B0B-8E65-BE7093AA786C}.Debug|x86.ActiveCfg = Debug|Any CPU
		{A186C2D9-65F7-4B0B-8E65-BE7093AA786C}.Debug|x86.Build.0 = Debug|Any CPU
		{A186C2D9-65F7-4B0B-8E65-BE7093AA786C}.Release|Any CPU.ActiveCfg = Release|Any CPU
		{A186C2D9-65F7-4B0B-8E65-BE7093AA786C}.Release|Any CPU.Build.0 = Release|Any CPU
		{A186C2D9-65F7-4B0B-8E65-BE7093AA786C}.Release|x64.ActiveCfg = Release|Any CPU
		{A186C2D9-65F7-4B0B-8E65-BE7093AA786C}.Release|x64.Build.0 = Release|Any CPU
		{A186C2D9-65F7-4B0B-8E65-BE7093AA786C}.Release|x86.ActiveCfg = Release|Any CPU
		{A186C2D9-65F7-4B0B-8E65-BE7093AA786C}.Release|x86.Build.0 = Release|Any CPU
	EndGlobalSection
	GlobalSection(SolutionProperties) = preSolution
		HideSolutionNode = FALSE
	EndGlobalSection
	GlobalSection(ExtensibilityGlobals) = postSolution
		SolutionGuid = {B0FA80B0-2870-492D-83BC-6E26849E0084}
	EndGlobalSection
EndGlobal
