<?xml version="1.0" encoding="utf-8"?>
<Project ToolsVersion="4.0" xmlns="http://schemas.microsoft.com/developer/msbuild/2003">
  <ItemGroup>
    <Filter Include="Source Files">
      <UniqueIdentifier>{4FC737F1-C7A5-4376-A066-2A32D752A2FF}</UniqueIdentifier>
      <Extensions>cpp;c;cc;cxx;c++;def;odl;idl;hpj;bat;asm;asmx</Extensions>
    </Filter>
    <Filter Include="Header Files">
      <UniqueIdentifier>{93995380-89BD-4b04-88EB-625FBE52EBFB}</UniqueIdentifier>
      <Extensions>h;hh;hpp;hxx;h++;hm;inl;inc;ipp;xsd</Extensions>
    </Filter>
    <Filter Include="Resource Files">
      <UniqueIdentifier>{67DA6AB6-F800-4c08-8B7A-83BB121AAD01}</UniqueIdentifier>
      <Extensions>rc;ico;cur;bmp;dlg;rc2;rct;bin;rgs;gif;jpg;jpeg;jpe;resx;tiff;tif;png;wav;mfcribbon-ms</Extensions>
    </Filter>
  </ItemGroup>
  <ItemGroup>
    <ClCompile Include="system\spawn.cpp">
      <Filter>Source Files</Filter>
    </ClCompile>
    <ClCompile Include="system\sun.cpp">
      <Filter>Source Files</Filter>
    </ClCompile>
    <ClCompile Include="world.cpp">
      <Filter>Source Files</Filter>
    </ClCompile>
    <ClCompile Include="main.cpp">
      <Filter>Source Files</Filter>
    </ClCompile>
    <ClCompile Include="system\zombie\common_zombie.cpp">
      <Filter>Source Files</Filter>
    </ClCompile>
    <ClCompile Include="system\util.cpp">
      <Filter>Source Files</Filter>
    </ClCompile>
    <ClCompile Include="system\zombie\yeti.cpp">
      <Filter>Source Files</Filter>
    </ClCompile>
    <ClCompile Include="system\zombie\ladder.cpp">
      <Filter>Source Files</Filter>
    </ClCompile>
    <ClCompile Include="system\zombie\bungee.cpp">
      <Filter>Source Files</Filter>
    </ClCompile>
    <ClCompile Include="system\zombie\football.cpp">
      <Filter>Source Files</Filter>
    </ClCompile>
    <ClCompile Include="system\zombie\digger.cpp">
      <Filter>Source Files</Filter>
    </ClCompile>
    <ClCompile Include="system\zombie\pole_vaulting.cpp">
      <Filter>Source Files</Filter>
    </ClCompile>
    <ClCompile Include="system\zombie\dolphin_rider.cpp">
      <Filter>Source Files</Filter>
    </ClCompile>
    <ClCompile Include="system\zombie\gargantuar.cpp">
      <Filter>Source Files</Filter>
    </ClCompile>
    <ClCompile Include="system\zombie\zomboni.cpp">
      <Filter>Source Files</Filter>
    </ClCompile>
    <ClCompile Include="system\zombie\catapult.cpp">
      <Filter>Source Files</Filter>
    </ClCompile>
    <ClCompile Include="system\zombie\snorkel.cpp">
      <Filter>Source Files</Filter>
    </ClCompile>
    <ClCompile Include="system\zombie\jack_in_the_box.cpp">
      <Filter>Source Files</Filter>
    </ClCompile>
    <ClCompile Include="system\zombie\pogo.cpp">
      <Filter>Source Files</Filter>
    </ClCompile>
    <ClCompile Include="system\zombie\newspaper.cpp">
      <Filter>Source Files</Filter>
    </ClCompile>
    <ClCompile Include="system\zombie\balloon.cpp">
      <Filter>Source Files</Filter>
    </ClCompile>
    <ClCompile Include="system\zombie\dancing.cpp">
      <Filter>Source Files</Filter>
    </ClCompile>
    <ClCompile Include="system\zombie\backup_dancer.cpp">
      <Filter>Source Files</Filter>
    </ClCompile>
    <ClCompile Include="system\zombie\imp.cpp">
      <Filter>Source Files</Filter>
    </ClCompile>
    <ClCompile Include="system\zombie\_ground.cpp">
      <Filter>Source Files</Filter>
    </ClCompile>
    <ClCompile Include="object\zombie.cpp">
      <Filter>Source Files</Filter>
    </ClCompile>
    <ClCompile Include="system\zombie\zombie_system.cpp">
      <Filter>Source Files</Filter>
    </ClCompile>
    <ClCompile Include="object\plant.cpp">
      <Filter>Source Files</Filter>
    </ClCompile>
    <ClCompile Include="system\projectile\projectile_factory.cpp">
      <Filter>Source Files</Filter>
    </ClCompile>
    <ClCompile Include="system\damage.cpp">
      <Filter>Source Files</Filter>
    </ClCompile>
    <ClCompile Include="system\debuff.cpp">
      <Filter>Source Files</Filter>
    </ClCompile>
    <ClCompile Include="system\griditem_factory.cpp">
      <Filter>Source Files</Filter>
    </ClCompile>
    <ClCompile Include="system\reanim.cpp">
      <Filter>Source Files</Filter>
    </ClCompile>
    <ClCompile Include="object\common.cpp">
      <Filter>Source Files</Filter>
    </ClCompile>
    <ClCompile Include="system\plant\plant_base.cpp">
      <Filter>Source Files</Filter>
    </ClCompile>
    <ClCompile Include="object\zombie_reanim_data.cpp">
      <Filter>Source Files</Filter>
    </ClCompile>
    <ClCompile Include="object\plant_reanim_data.cpp">
      <Filter>Source Files</Filter>
    </ClCompile>
    <ClCompile Include="system\plant\blover.cpp">
      <Filter>Source Files</Filter>
    </ClCompile>
    <ClCompile Include="system\plant\pea_family.cpp">
      <Filter>Source Files</Filter>
    </ClCompile>
    <ClCompile Include="system\plant\imitater.cpp">
      <Filter>Source Files</Filter>
    </ClCompile>
    <ClCompile Include="system\plant\potato_mine.cpp">
      <Filter>Source Files</Filter>
    </ClCompile>
    <ClCompile Include="system\plant\grave_buster.cpp">
      <Filter>Source Files</Filter>
    </ClCompile>
    <ClCompile Include="system\plant\shield_plants.cpp">
      <Filter>Source Files</Filter>
    </ClCompile>
    <ClCompile Include="system\plant\chomper.cpp">
      <Filter>Source Files</Filter>
    </ClCompile>
    <ClCompile Include="system\plant\cactus.cpp">
      <Filter>Source Files</Filter>
    </ClCompile>
    <ClCompile Include="system\plant\coffee_bean.cpp">
      <Filter>Source Files</Filter>
    </ClCompile>
    <ClCompile Include="system\plant\plant_system.cpp">
      <Filter>Source Files</Filter>
    </ClCompile>
    <ClCompile Include="system\plant\starfruit.cpp">
      <Filter>Source Files</Filter>
    </ClCompile>
    <ClCompile Include="system\plant\squash.cpp">
      <Filter>Source Files</Filter>
    </ClCompile>
    <ClCompile Include="system\plant\mushroom_family.cpp">
      <Filter>Source Files</Filter>
    </ClCompile>
    <ClCompile Include="system\plant\umbrella_leaf.cpp">
      <Filter>Source Files</Filter>
    </ClCompile>
    <ClCompile Include="system\plant\cob_cannon.cpp">
      <Filter>Source Files</Filter>
    </ClCompile>
    <ClCompile Include="object\projectile.cpp">
      <Filter>Source Files</Filter>
    </ClCompile>
    <ClCompile Include="system\plant\spike_family.cpp">
      <Filter>Source Files</Filter>
    </ClCompile>
    <ClCompile Include="system\plant\tangle_kelp.cpp">
      <Filter>Source Files</Filter>
    </ClCompile>
    <ClCompile Include="system\zombie\zombie_factory.cpp">
      <Filter>Source Files</Filter>
    </ClCompile>
    <ClCompile Include="system\plant\plant_factory.cpp">
      <Filter>Source Files</Filter>
    </ClCompile>
    <ClCompile Include="system\projectile\projectile_system.cpp">
      <Filter>Source Files</Filter>
    </ClCompile>
    <ClCompile Include="object\scene.cpp">
      <Filter>Source Files</Filter>
    </ClCompile>
    <ClCompile Include="system\plant\torchwood.cpp">
      <Filter>Source Files</Filter>
    </ClCompile>
  </ItemGroup>
  <ItemGroup>
    <ClInclude Include="scene\fog.h">
      <Filter>Header Files</Filter>
    </ClInclude>
    <ClInclude Include="object\zombie.h">
      <Filter>Header Files</Filter>
    </ClInclude>
    <ClInclude Include="object\plant.h">
      <Filter>Header Files</Filter>
    </ClInclude>
    <ClInclude Include="system\spawn.h">
      <Filter>Header Files</Filter>
    </ClInclude>
    <ClInclude Include="system\rng.h">
      <Filter>Header Files</Filter>
    </ClInclude>
    <ClInclude Include="scene\pool.h">
      <Filter>Header Files</Filter>
    </ClInclude>
    <ClInclude Include="system\sun.h">
      <Filter>Header Files</Filter>
    </ClInclude>
    <ClInclude Include="system\endgame.h">
      <Filter>Header Files</Filter>
    </ClInclude>
    <ClInclude Include="object\scene.h">
      <Filter>Header Files</Filter>
    </ClInclude>
    <ClInclude Include="world.h">
      <Filter>Header Files</Filter>
    </ClInclude>
    <ClInclude Include="system\ice_path.h">
      <Filter>Header Files</Filter>
    </ClInclude>
    <ClInclude Include="object\griditem.h">
      <Filter>Header Files</Filter>
    </ClInclude>
    <ClInclude Include="object\obj_list.h">
      <Filter>Header Files</Filter>
    </ClInclude>
    <ClInclude Include="system\util.h">
      <Filter>Header Files</Filter>
    </ClInclude>
    <ClInclude Include="system\zombie\zombie.h">
      <Filter>Header Files</Filter>
    </ClInclude>
    <ClInclude Include="object\common.h">
      <Filter>Header Files</Filter>
    </ClInclude>
    <ClInclude Include="object\projectile.h">
      <Filter>Header Files</Filter>
    </ClInclude>
    <ClInclude Include="system\projectile\projectile_factory.h">
      <Filter>Header Files</Filter>
    </ClInclude>
    <ClInclude Include="system\damage.h">
      <Filter>Header Files</Filter>
    </ClInclude>
    <ClInclude Include="system\debuff.h">
      <Filter>Header Files</Filter>
    </ClInclude>
    <ClInclude Include="system\griditem.h">
      <Filter>Header Files</Filter>
    </ClInclude>
    <ClInclude Include="system\griditem_factory.h">
      <Filter>Header Files</Filter>
    </ClInclude>
    <ClInclude Include="system\reanim.h">
      <Filter>Header Files</Filter>
    </ClInclude>
    <ClInclude Include="system\zombie\zombie_system.h">
      <Filter>Header Files</Filter>
    </ClInclude>
    <ClInclude Include="system\plant\plant.h">
      <Filter>Header Files</Filter>
    </ClInclude>
    <ClInclude Include="system\plant\plant_system.h">
      <Filter>Header Files</Filter>
    </ClInclude>
    <ClInclude Include="system\zombie\zombie_factory.h">
      <Filter>Header Files</Filter>
    </ClInclude>
    <ClInclude Include="system\plant\plant_factory.h">
      <Filter>Header Files</Filter>
    </ClInclude>
    <ClInclude Include="system\projectile\projectile_system.h">
      <Filter>Header Files</Filter>
    </ClInclude>
    <ClInclude Include="lib\httplib.h">
      <Filter>Header Files</Filter>
    </ClInclude>
    <ClInclude Include="lib\rapidjson\allocators.h">
      <Filter>Header Files</Filter>
    </ClInclude>
    <ClInclude Include="lib\rapidjson\cursorstreamwrapper.h">
      <Filter>Header Files</Filter>
    </ClInclude>
    <ClInclude Include="lib\rapidjson\document.h">
      <Filter>Header Files</Filter>
    </ClInclude>
    <ClInclude Include="lib\rapidjson\encodedstream.h">
      <Filter>Header Files</Filter>
    </ClInclude>
    <ClInclude Include="lib\rapidjson\encodings.h">
      <Filter>Header Files</Filter>
    </ClInclude>
    <ClInclude Include="lib\rapidjson\filereadstream.h">
      <Filter>Header Files</Filter>
    </ClInclude>
    <ClInclude Include="lib\rapidjson\filewritestream.h">
      <Filter>Header Files</Filter>
    </ClInclude>
    <ClInclude Include="lib\rapidjson\fwd.h">
      <Filter>Header Files</Filter>
    </ClInclude>
    <ClInclude Include="lib\rapidjson\istreamwrapper.h">
      <Filter>Header Files</Filter>
    </ClInclude>
    <ClInclude Include="lib\rapidjson\memorybuffer.h">
      <Filter>Header Files</Filter>
    </ClInclude>
    <ClInclude Include="lib\rapidjson\memorystream.h">
      <Filter>Header Files</Filter>
    </ClInclude>
    <ClInclude Include="lib\rapidjson\ostreamwrapper.h">
      <Filter>Header Files</Filter>
    </ClInclude>
    <ClInclude Include="lib\rapidjson\pointer.h">
      <Filter>Header Files</Filter>
    </ClInclude>
    <ClInclude Include="lib\rapidjson\prettywriter.h">
      <Filter>Header Files</Filter>
    </ClInclude>
    <ClInclude Include="lib\rapidjson\rapidjson.h">
      <Filter>Header Files</Filter>
    </ClInclude>
    <ClInclude Include="lib\rapidjson\reader.h">
      <Filter>Header Files</Filter>
    </ClInclude>
    <ClInclude Include="lib\rapidjson\schema.h">
      <Filter>Header Files</Filter>
    </ClInclude>
    <ClInclude Include="lib\rapidjson\stream.h">
      <Filter>Header Files</Filter>
    </ClInclude>
    <ClInclude Include="lib\rapidjson\stringbuffer.h">
      <Filter>Header Files</Filter>
    </ClInclude>
    <ClInclude Include="lib\rapidjson\writer.h">
      <Filter>Header Files</Filter>
    </ClInclude>
    <ClInclude Include="lib\rapidjson\error\en.h">
      <Filter>Header Files</Filter>
    </ClInclude>
    <ClInclude Include="lib\rapidjson\error\error.h">
      <Filter>Header Files</Filter>
    </ClInclude>
    <ClInclude Include="lib\rapidjson\internal\biginteger.h">
      <Filter>Header Files</Filter>
    </ClInclude>
    <ClInclude Include="lib\rapidjson\internal\clzll.h">
      <Filter>Header Files</Filter>
    </ClInclude>
    <ClInclude Include="lib\rapidjson\internal\diyfp.h">
      <Filter>Header Files</Filter>
    </ClInclude>
    <ClInclude Include="lib\rapidjson\internal\dtoa.h">
      <Filter>Header Files</Filter>
    </ClInclude>
    <ClInclude Include="lib\rapidjson\internal\ieee754.h">
      <Filter>Header Files</Filter>
    </ClInclude>
    <ClInclude Include="lib\rapidjson\internal\itoa.h">
      <Filter>Header Files</Filter>
    </ClInclude>
    <ClInclude Include="lib\rapidjson\internal\meta.h">
      <Filter>Header Files</Filter>
    </ClInclude>
    <ClInclude Include="lib\rapidjson\internal\pow10.h">
      <Filter>Header Files</Filter>
    </ClInclude>
    <ClInclude Include="lib\rapidjson\internal\regex.h">
      <Filter>Header Files</Filter>
    </ClInclude>
    <ClInclude Include="lib\rapidjson\internal\stack.h">
      <Filter>Header Files</Filter>
    </ClInclude>
    <ClInclude Include="lib\rapidjson\internal\strfunc.h">
      <Filter>Header Files</Filter>
    </ClInclude>
    <ClInclude Include="lib\rapidjson\internal\strtod.h">
      <Filter>Header Files</Filter>
    </ClInclude>
    <ClInclude Include="lib\rapidjson\internal\swap.h">
      <Filter>Header Files</Filter>
    </ClInclude>
    <ClInclude Include="lib\rapidjson\msinttypes\inttypes.h">
      <Filter>Header Files</Filter>
    </ClInclude>
    <ClInclude Include="lib\rapidjson\msinttypes\stdint.h">
      <Filter>Header Files</Filter>
    </ClInclude>
  </ItemGroup>
  <ItemGroup>
    <None Include="debugger\dist\index.html" />
    <None Include="debugger\node_modules\ajv\lib\dot\coerce.def">
      <Filter>Source Files</Filter>
    </None>
    <None Include="debugger\node_modules\ajv\lib\dot\defaults.def">
      <Filter>Source Files</Filter>
    </None>
    <None Include="debugger\node_modules\ajv\lib\dot\definitions.def">
      <Filter>Source Files</Filter>
    </None>
    <None Include="debugger\node_modules\ajv\lib\dot\errors.def">
      <Filter>Source Files</Filter>
    </None>
    <None Include="debugger\node_modules\ajv\lib\dot\missing.def">
      <Filter>Source Files</Filter>
    </None>
    <None Include="debugger\node_modules\console-browserify\test\static\index.html" />
    <None Include="debugger\node_modules\crypto-browserify\example\index.html" />
    <None Include="debugger\node_modules\postcss\docs\api\index.html" />
    <None Include="debugger\node_modules\terser\tools\props.html" />
    <None Include="debugger\node_modules\tslib\tslib.es6.html" />
    <None Include="debugger\node_modules\tslib\tslib.html" />
    <None Include="debugger\node_modules\unique-filename\coverage\__root__\index.html" />
    <None Include="debugger\node_modules\unique-filename\coverage\__root__\index.js.html" />
    <None Include="debugger\node_modules\unique-filename\coverage\index.html" />
    <None Include="debugger\node_modules\uri-js\tests\test-es5.html" />
    <None Include="debugger\node_modules\uri-js\tests\test-es5-min.html" />
    <None Include="debugger\node_modules\vm-browserify\example\run\index.html" />
    <None Include="debugger\src\index.html" />
  </ItemGroup>
</Project>